# This file is automatically @generated by Cargo.
# It is not intended for manual editing.
version = 4

[[package]]
name = "arc-swap"
version = "1.9.1"
source = "registry+https://github.com/rust-lang/crates.io-index"
checksum = "6a3a1fd6f75306b68087b831f025c712524bcb19aad54e557b1129cfa0a2b207"
dependencies = [
 "rustversion",
]

[[package]]
name = "omega-abstract-syntax-tree"
version = "0.1.0"

[[package]]
name = "omega-cli"
version = "0.1.0"
dependencies = [
 "omega-compiler",
]

[[package]]
name = "omega-compiler"
version = "0.1.0"
dependencies = [
 "omega-abstract-syntax-tree",
 "omega-core",
 "omega-graph",
 "omega-lexer",
 "omega-names",
 "omega-native",
 "omega-parser",
 "omega-proof",
 "omega-types",
]

[[package]]
name = "omega-core"
version = "0.1.0"
dependencies = [
 "arc-swap",
]

[[package]]
name = "omega-graph"
version = "0.1.0"
dependencies = [
 "omega-abstract-syntax-tree",
 "omega-core",
]

[[package]]
name = "omega-lexer"
version = "0.1.0"
dependencies = [
 "omega-core",
]

[[package]]
name = "omega-names"
version = "0.1.0"
dependencies = [
 "omega-abstract-syntax-tree",
 "omega-core",
]

[[package]]
name = "omega-native"
version = "0.1.0"
dependencies = [
 "omega-abstract-syntax-tree",
 "omega-core",
]

[[package]]
name = "omega-parser"
version = "0.1.0"
dependencies = [
 "omega-abstract-syntax-tree",
 "omega-core",
 "omega-lexer",
]

[[package]]
name = "omega-proof"
version = "0.1.0"
dependencies = [
 "omega-abstract-syntax-tree",
 "omega-core",
]

[[package]]
name = "omega-types"
version = "0.1.0"
dependencies = [
 "omega-abstract-syntax-tree",
 "omega-core",
]

[[package]]
name = "rustversion"
version = "1.0.22"
source = "registry+https://github.com/rust-lang/crates.io-index"
checksum = "b39cdef0fa800fc44525c84ccb54a029961a8215f9619753635a9c0d2538d46d"
