# This file is automatically @generated by Cargo.
# It is not intended for manual editing.
version = 4

[[package]]
name = "arc-swap"
version = "1.9.1"
source = "registry+https://github.com/rust-lang/crates.io-index"
checksum = "6a3a1fd6f75306b68087b831f025c712524bcb19aad54e557b1129cfa0a2b207"
dependencies = [
 "rustversion",
]

[[package]]
name = "block-buffer"
version = "0.10.4"
source = "registry+https://github.com/rust-lang/crates.io-index"
checksum = "3078c7629b62d3f0439517fa394996acacc5cbc91c5a20d8c658e77abd503a71"
dependencies = [
 "generic-array",
]

[[package]]
name = "cfg-if"
version = "1.0.4"
source = "registry+https://github.com/rust-lang/crates.io-index"
checksum = "9330f8b2ff13f34540b44e946ef35111825727b38d33286ef986142615121801"

[[package]]
name = "cpufeatures"
version = "0.2.17"
source = "registry+https://github.com/rust-lang/crates.io-index"
checksum = "59ed5838eebb26a2bb2e58f6d5b5316989ae9d08bab10e0e6d103e656d1b0280"
dependencies = [
 "libc",
]

[[package]]
name = "crypto-common"
version = "0.1.7"
source = "registry+https://github.com/rust-lang/crates.io-index"
checksum = "78c8292055d1c1df0cce5d180393dc8cce0abec0a7102adb6c7b1eef6016d60a"
dependencies = [
 "generic-array",
 "typenum",
]

[[package]]
name = "digest"
version = "0.10.7"
source = "registry+https://github.com/rust-lang/crates.io-index"
checksum = "9ed9a281f7bc9b7576e61468ba615a66a5c8cfdff42420a70aa82701a3b1e292"
dependencies = [
 "block-buffer",
 "crypto-common",
]

[[package]]
name = "generic-array"
version = "0.14.7"
source = "registry+https://github.com/rust-lang/crates.io-index"
checksum = "85649ca51fd72272d7821adaf274ad91c288277713d9c18820d8499a7ff69e9a"
dependencies = [
 "typenum",
 "version_check",
]

[[package]]
name = "iced-x86"
version = "1.21.0"
source = "registry+https://github.com/rust-lang/crates.io-index"
checksum = "7c447cff8c7f384a7d4f741cfcff32f75f3ad02b406432e8d6c878d56b1edf6b"
dependencies = [
 "lazy_static",
]

[[package]]
name = "itoa"
version = "1.0.18"
source = "registry+https://github.com/rust-lang/crates.io-index"
checksum = "8f42a60cbdf9a97f5d2305f08a87dc4e09308d1276d28c869c684d7777685682"

[[package]]
name = "lazy_static"
version = "1.5.0"
source = "registry+https://github.com/rust-lang/crates.io-index"
checksum = "bbd2bcb4c963f2ddae06a2efc7e9f3591312473c50c6685e1f298068316e66fe"

[[package]]
name = "libc"
version = "0.2.186"
source = "registry+https://github.com/rust-lang/crates.io-index"
checksum = "68ab91017fe16c622486840e4c83c9a37afeff978bd239b5293d61ece587de66"

[[package]]
name = "memchr"
version = "2.8.0"
source = "registry+https://github.com/rust-lang/crates.io-index"
checksum = "f8ca58f447f06ed17d5fc4043ce1b10dd205e060fb3ce5b979b8ed8e59ff3f79"

[[package]]
name = "omega-abstract-operations"
version = "0.1.0"
dependencies = [
 "omega-calling-conventions",
 "omega-control-flow",
 "omega-core",
 "psi-arena",
 "psi-facts",
 "psi-language-core",
 "psi-language-semantics",
 "psi-numerics",
 "psi-symbols",
 "psi-typed-trees",
]

[[package]]
name = "omega-abstract-operations-to-target-operations"
version = "0.1.0"
dependencies = [
 "omega-abstract-operations",
 "omega-calling-conventions",
 "omega-control-flow",
 "omega-platform-interface",
 "omega-target",
 "omega-target-operations",
 "psi-arena",
 "psi-language-semantics",
 "psi-symbols",
]

[[package]]
name = "omega-architecture-test"
version = "0.1.0"
dependencies = [
 "omega-control-flow",
 "omega-effects",
 "psi-arena",
 "psi-diagnostics",
 "psi-effects",
 "psi-language-core",
 "psi-language-semantics",
 "psi-source-files-to-tokens",
 "psi-symbol-resolved-trees-to-typed-trees",
 "psi-symbols",
 "psi-syntax-trees",
 "psi-syntax-trees-to-symbol-resolved-trees",
 "psi-tokens-to-syntax-trees",
 "psi-typed-trees",
 "psi-typed-trees-to-checked-trees",
 "psi-validation",
 "serde_json",
]

[[package]]
name = "omega-artifacts"
version = "0.1.0"
dependencies = [
 "omega-backend-report-types",
 "omega-calling-conventions",
 "omega-core",
 "omega-executable-installation",
 "omega-external-roots",
 "omega-image",
 "omega-target",
 "psi-arena",
 "psi-checked-trees",
 "psi-diagnostics",
 "psi-layout-plans",
 "psi-symbols",
 "serde_json",
]

[[package]]
name = "omega-assigned-target-operations"
version = "0.1.0"
dependencies = [
 "omega-control-flow",
 "omega-target",
 "omega-target-operations",
 "psi-arena",
 "psi-numerics",
]

[[package]]
name = "omega-assigned-target-operations-to-machine-instructions"
version = "0.1.0"
dependencies = [
 "omega-abstract-operations",
 "omega-assigned-target-operations",
 "omega-calling-conventions",
 "omega-control-flow",
 "omega-machine-instructions",
 "omega-target",
 "psi-arena",
 "psi-diagnostics",
 "psi-language-semantics",
 "psi-symbols",
]

[[package]]
name = "omega-backend-pipeline"
version = "0.1.0"
dependencies = [
 "omega-abstract-operations",
 "omega-abstract-operations-to-target-operations",
 "omega-assigned-target-operations",
 "omega-assigned-target-operations-to-machine-instructions",
 "omega-backend-plan",
 "omega-calling-conventions",
 "omega-control-flow",
 "omega-control-flow-to-abstract-operations",
 "omega-core",
 "omega-data-planning",
 "omega-effects",
 "omega-instruction-selection",
 "omega-layout",
 "omega-machine-bytes",
 "omega-machine-emission",
 "omega-machine-instructions",
 "omega-object-file",
 "omega-object-file-planning",
 "omega-platform-interface",
 "omega-relocations",
 "omega-runtime-abi",
 "omega-runtime-bodies",
 "omega-runtime-branching",
 "omega-runtime-dispatch-loop",
 "omega-runtime-storage",
 "omega-runtime-text",
 "omega-state-calls",
 "omega-state-dispatch",
 "omega-state-graph",
 "omega-state-guards",
 "omega-state-storage",
 "omega-state-values",
 "omega-target",
 "omega-target-operations",
 "omega-target-operations-to-assigned-target-operations",
 "psi-arena",
 "psi-checked-trees",
 "psi-diagnostics",
 "psi-symbols",
]

[[package]]
name = "omega-backend-plan"
version = "0.1.0"
dependencies = [
 "omega-abstract-operations",
 "omega-assigned-target-operations",
 "omega-calling-conventions",
 "omega-control-flow",
 "omega-core",
 "omega-layout",
 "omega-machine-bytes",
 "omega-machine-instructions",
 "omega-object-file",
 "omega-platform-interface",
 "omega-runtime-bodies",
 "omega-runtime-branching",
 "omega-runtime-dispatch-loop",
 "omega-runtime-storage",
 "omega-runtime-text",
 "omega-state-calls",
 "omega-state-dispatch",
 "omega-state-graph",
 "omega-state-guards",
 "omega-state-storage",
 "omega-state-values",
 "omega-target",
 "omega-target-operations",
 "psi-arena",
 "psi-checked-trees",
 "psi-symbols",
]

[[package]]
name = "omega-backend-report"
version = "0.1.0"
dependencies = [
 "omega-abstract-operations",
 "omega-assigned-target-operations",
 "omega-backend-report-types",
 "omega-calling-conventions",
 "omega-control-flow",
 "omega-core",
 "omega-layout",
 "omega-machine-bytes",
 "omega-machine-instructions",
 "omega-object-file",
 "omega-platform-interface",
 "omega-runtime-bodies",
 "omega-runtime-branching",
 "omega-runtime-dispatch-loop",
 "omega-runtime-storage",
 "omega-runtime-text",
 "omega-state-calls",
 "omega-state-dispatch",
 "omega-state-graph",
 "omega-state-guards",
 "omega-state-schedule",
 "omega-state-storage",
 "omega-state-values",
 "omega-target",
 "omega-target-operations",
 "psi-arena",
 "psi-checked-trees",
 "psi-facts",
 "psi-language-semantics",
 "psi-numerics",
 "psi-symbols",
]

[[package]]
name = "omega-backend-report-types"
version = "0.1.0"
dependencies = [
 "omega-target",
 "psi-arena",
]

[[package]]
name = "omega-calling-conventions"
version = "0.1.0"
dependencies = [
 "omega-target",
 "psi-arena",
]

[[package]]
name = "omega-checked-trees-to-state-graph"
version = "0.1.0"
dependencies = [
 "omega-core",
 "omega-effects",
 "omega-state-graph",
 "psi-arena",
 "psi-checked-trees",
 "psi-diagnostics",
 "psi-facts",
 "psi-language-semantics",
 "psi-numerics",
 "psi-source-files-to-tokens",
 "psi-symbol-resolved-trees-to-typed-trees",
 "psi-symbols",
 "psi-syntax-trees-to-symbol-resolved-trees",
 "psi-tokens-to-syntax-trees",
]

[[package]]
name = "omega-cli"
version = "0.1.0"
dependencies = [
 "omega-compiler",
 "omega-core",
 "omega-target",
 "psi-checked-trees-to-terminal",
 "psi-core",
 "psi-proof-kernel",
 "psi-terminal",
 "psi-terminal-fixed-fuel",
 "psi-terminal-verifier",
]

[[package]]
name = "omega-compiler"
version = "0.1.0"
dependencies = [
 "omega-artifacts",
 "omega-backend-pipeline",
 "omega-backend-plan",
 "omega-backend-report",
 "omega-calling-conventions",
 "omega-checked-trees-to-state-graph",
 "omega-control-flow",
 "omega-core",
 "omega-effects",
 "omega-emission-planning",
 "omega-executable-installation",
 "omega-external-roots",
 "omega-image",
 "omega-image-emission",
 "omega-instruction-selection",
 "omega-isa-x86_64",
 "omega-layout",
 "omega-machine-bytes",
 "omega-object-file",
 "omega-platform-interface",
 "omega-runtime-bodies",
 "omega-runtime-branching",
 "omega-runtime-dispatch-loop",
 "omega-runtime-storage",
 "omega-runtime-text",
 "omega-state-calls",
 "omega-state-graph",
 "omega-state-graph-to-control-flow",
 "omega-state-guards",
 "omega-state-schedule",
 "omega-state-storage",
 "omega-state-values",
 "omega-target",
 "omega-target-operations",
 "omega-task-plans",
 "omega-visualizations",
 "psi-access-plans",
 "psi-arena",
 "psi-build-time-evaluation",
 "psi-checked-interpreter",
 "psi-checked-trees",
 "psi-diagnostics",
 "psi-effects",
 "psi-extents",
 "psi-facts",
 "psi-generic-instances",
 "psi-language-core",
 "psi-language-semantics",
 "psi-layout-plans",
 "psi-numerics",
 "psi-source",
 "psi-source-files-to-tokens",
 "psi-symbol-resolved-trees",
 "psi-symbol-resolved-trees-to-typed-trees",
 "psi-symbols",
 "psi-syntax-trees",
 "psi-syntax-trees-to-symbol-resolved-trees",
 "psi-tokens",
 "psi-tokens-to-syntax-trees",
 "psi-typed-trees",
 "psi-typed-trees-to-checked-trees",
 "psi-validation",
]

[[package]]
name = "omega-control-flow"
version = "0.1.0"
dependencies = [
 "psi-arena",
 "psi-checked-trees",
 "psi-facts",
 "psi-language-semantics",
 "psi-numerics",
 "psi-symbols",
 "psi-typed-trees",
]

[[package]]
name = "omega-control-flow-to-abstract-operations"
version = "0.1.0"
dependencies = [
 "omega-abstract-operations",
 "omega-calling-conventions",
 "omega-control-flow",
 "omega-effects",
 "omega-instruction-selection",
 "omega-layout",
 "omega-platform-interface",
 "omega-runtime-abi",
 "omega-runtime-bodies",
 "omega-runtime-branching",
 "omega-runtime-dispatch-loop",
 "omega-runtime-storage",
 "omega-runtime-text",
 "omega-state-calls",
 "omega-state-graph",
 "omega-state-guards",
 "omega-state-storage",
 "omega-target",
 "omega-target-operations",
 "psi-arena",
 "psi-checked-trees",
 "psi-facts",
 "psi-language-semantics",
 "psi-numerics",
 "psi-symbols",
]

[[package]]
name = "omega-core"
version = "0.1.0"

[[package]]
name = "omega-data-planning"
version = "0.1.0"
dependencies = [
 "omega-calling-conventions",
 "omega-control-flow",
 "omega-platform-interface",
 "omega-runtime-branching",
 "omega-runtime-text",
 "omega-state-storage",
 "omega-state-values",
 "omega-target-operations",
 "psi-checked-trees",
]

[[package]]
name = "omega-effects"
version = "0.1.0"
dependencies = [
 "psi-diagnostics",
 "psi-effects",
 "psi-language-core",
 "psi-language-semantics",
 "psi-symbols",
 "psi-syntax-trees",
 "psi-typed-trees",
]

[[package]]
name = "omega-emission-planning"
version = "0.1.0"
dependencies = [
 "omega-backend-report-types",
 "omega-calling-conventions",
 "omega-control-flow",
 "omega-image-emission",
 "omega-layout",
 "omega-machine-bytes",
 "omega-machine-instructions",
 "omega-object-file",
 "omega-platform-interface",
 "omega-runtime-bodies",
 "omega-runtime-branching",
 "omega-runtime-dispatch-loop",
 "omega-runtime-storage",
 "omega-runtime-text",
 "omega-state-calls",
 "omega-state-graph",
 "omega-state-guards",
 "omega-state-schedule",
 "omega-state-storage",
 "omega-state-values",
 "omega-target",
 "omega-target-operations",
 "psi-arena",
 "psi-checked-trees",
 "psi-symbols",
 "psi-typed-trees",
]

[[package]]
name = "omega-executable-installation"
version = "0.1.0"
dependencies = [
 "omega-target",
 "psi-extents",
 "psi-layout-plans",
]

[[package]]
name = "omega-external-roots"
version = "0.1.0"
dependencies = [
 "omega-calling-conventions",
 "omega-executable-installation",
 "omega-target",
 "omega-terminal-installation-evidence",
 "psi-core",
 "psi-extents",
 "psi-language-semantics",
 "psi-layout-plans",
 "psi-terminal",
 "psi-terminal-fixed-fuel",
]

[[package]]
name = "omega-image"
version = "0.1.0"
dependencies = [
 "omega-calling-conventions",
 "omega-control-flow",
 "omega-object-file",
 "omega-target",
 "psi-arena",
 "psi-diagnostics",
]

[[package]]
name = "omega-image-elf"
version = "0.1.0"
dependencies = [
 "omega-image",
 "omega-object-file",
 "psi-arena",
 "psi-diagnostics",
]

[[package]]
name = "omega-image-emission"
version = "0.1.0"
dependencies = [
 "omega-calling-conventions",
 "omega-control-flow",
 "omega-image",
 "omega-image-elf",
 "omega-image-macho",
 "omega-image-pe",
 "omega-isa-aarch64",
 "omega-isa-x86_64",
 "omega-machine-bytes",
 "omega-machine-instructions",
 "omega-object-file",
 "omega-target",
 "omega-target-operations",
 "psi-arena",
 "psi-diagnostics",
 "psi-language-core",
 "psi-numerics",
 "psi-symbols",
]

[[package]]
name = "omega-image-macho"
version = "0.1.0"
dependencies = [
 "omega-calling-conventions",
 "omega-image",
 "psi-arena",
 "psi-diagnostics",
 "sha2",
]

[[package]]
name = "omega-image-pe"
version = "0.1.0"
dependencies = [
 "omega-calling-conventions",
 "omega-image",
 "omega-object-file",
 "psi-arena",
 "psi-diagnostics",
]

[[package]]
name = "omega-instruction-selection"
version = "0.1.0"
dependencies = [
 "omega-abstract-operations",
 "omega-calling-conventions",
 "omega-control-flow",
 "omega-effects",
 "omega-executable-installation",
 "omega-isa-aarch64",
 "omega-isa-x86_64",
 "omega-layout",
 "omega-object-file",
 "omega-platform-interface",
 "omega-runtime-abi",
 "omega-runtime-bodies",
 "omega-runtime-branching",
 "omega-runtime-dispatch-loop",
 "omega-runtime-storage",
 "omega-runtime-text",
 "omega-state-calls",
 "omega-state-graph",
 "omega-state-guards",
 "omega-state-schedule",
 "omega-state-storage",
 "omega-state-values",
 "omega-target",
 "omega-target-operations",
 "psi-arena",
 "psi-checked-trees",
 "psi-diagnostics",
 "psi-language-core",
 "psi-language-semantics",
 "psi-layout-plans",
 "psi-numerics",
 "psi-source",
 "psi-symbols",
]

[[package]]
name = "omega-isa-aarch64"
version = "0.1.0"
dependencies = [
 "omega-calling-conventions",
 "omega-target",
 "omega-target-operations",
 "omega-terminal-installation-evidence",
 "psi-arena",
 "psi-core",
 "psi-diagnostics",
 "psi-language-core",
 "psi-language-semantics",
 "psi-layout-plans",
 "psi-numerics",
]

[[package]]
name = "omega-isa-x86_64"
version = "0.1.0"
dependencies = [
 "omega-calling-conventions",
 "omega-target",
 "omega-target-operations",
 "omega-terminal-installation-evidence",
 "omega-x86-encoding",
 "psi-arena",
 "psi-core",
 "psi-diagnostics",
 "psi-language-core",
 "psi-language-semantics",
 "psi-layout-plans",
 "psi-numerics",
]

[[package]]
name = "omega-layout"
version = "0.1.0"
dependencies = [
 "omega-runtime-abi",
 "omega-target",
 "psi-arena",
 "psi-checked-trees",
 "psi-diagnostics",
 "psi-language-semantics",
 "psi-layout-plans",
 "psi-numerics",
 "psi-source-files-to-tokens",
 "psi-symbol-resolved-trees-to-typed-trees",
 "psi-symbols",
 "psi-syntax-trees-to-symbol-resolved-trees",
 "psi-tokens-to-syntax-trees",
]

[[package]]
name = "omega-machine-bytes"
version = "0.1.0"
dependencies = [
 "omega-calling-conventions",
 "omega-control-flow",
 "omega-machine-instructions",
 "omega-target",
 "omega-target-operations",
 "psi-arena",
 "psi-language-core",
 "psi-numerics",
]

[[package]]
name = "omega-machine-emission"
version = "0.1.0"
dependencies = [
 "omega-assigned-target-operations",
 "omega-calling-conventions",
 "omega-control-flow",
 "omega-instruction-selection",
 "omega-isa-aarch64",
 "omega-isa-x86_64",
 "omega-machine-bytes",
 "omega-machine-instructions",
 "omega-target",
 "omega-target-operations",
 "psi-arena",
 "psi-diagnostics",
 "psi-language-core",
 "psi-numerics",
 "psi-symbols",
]

[[package]]
name = "omega-machine-instructions"
version = "0.1.0"
dependencies = [
 "omega-assigned-target-operations",
 "omega-control-flow",
 "omega-machine-program",
 "omega-target",
 "omega-target-operations",
 "psi-arena",
]

[[package]]
name = "omega-machine-program"
version = "0.1.0"
dependencies = [
 "omega-calling-conventions",
 "omega-control-flow",
 "omega-target",
 "omega-target-operations",
 "psi-arena",
 "psi-language-core",
]

[[package]]
name = "omega-native-differential-test"
version = "0.1.0"
dependencies = [
 "omega-artifacts",
 "omega-calling-conventions",
 "omega-compiler",
 "omega-executable-installation",
 "omega-external-roots",
 "omega-instruction-selection",
 "omega-target",
 "omega-terminal-abstract-operations",
 "omega-terminal-abstract-operations-to-target-operations",
 "omega-terminal-assigned-target-operations",
 "omega-terminal-image-emission",
 "omega-terminal-machine-code",
 "omega-terminal-machine-emission",
 "omega-terminal-psi-to-abstract-operations",
 "omega-terminal-target-operations",
 "omega-terminal-target-operations-to-assigned-target-operations",
 "omega-x86-encoding",
 "psi-arena",
 "psi-checked-interpreter",
 "psi-checked-trees",
 "psi-checked-trees-to-terminal",
 "psi-core",
 "psi-diagnostics",
 "psi-extents",
 "psi-language-core",
 "psi-language-semantics",
 "psi-layout-plans",
 "psi-numerics",
 "psi-proof-kernel",
 "psi-source-files-to-tokens",
 "psi-symbol-resolved-trees-to-typed-trees",
 "psi-symbols",
 "psi-syntax-trees-to-symbol-resolved-trees",
 "psi-terminal",
 "psi-terminal-codec",
 "psi-terminal-fixed-fuel",
 "psi-terminal-fuel",
 "psi-terminal-interpreter",
 "psi-terminal-verifier",
 "psi-tokens-to-syntax-trees",
 "psi-typed-trees",
 "psi-typed-trees-to-checked-trees",
]

[[package]]
name = "omega-object-file"
version = "0.1.0"
dependencies = [
 "omega-control-flow",
 "omega-core",
 "omega-target",
 "psi-arena",
]

[[package]]
name = "omega-object-file-planning"
version = "0.1.0"
dependencies = [
 "omega-calling-conventions",
 "omega-control-flow",
 "omega-layout",
 "omega-machine-bytes",
 "omega-machine-program",
 "omega-object-file",
 "omega-target",
 "omega-target-operations",
 "psi-arena",
 "psi-diagnostics",
 "psi-symbols",
]

[[package]]
name = "omega-platform-interface"
version = "0.1.0"
dependencies = [
 "omega-calling-conventions",
 "omega-control-flow",
 "omega-core",
 "omega-target",
 "psi-arena",
 "psi-checked-trees",
 "psi-diagnostics",
 "psi-source-files-to-tokens",
 "psi-symbol-resolved-trees-to-typed-trees",
 "psi-symbols",
 "psi-syntax-trees-to-symbol-resolved-trees",
 "psi-tokens-to-syntax-trees",
 "psi-typed-trees",
 "psi-typed-trees-to-checked-trees",
]

[[package]]
name = "omega-relocations"
version = "0.1.0"
dependencies = [
 "omega-assigned-target-operations",
 "omega-calling-conventions",
 "omega-control-flow",
 "omega-executable-installation",
 "omega-instruction-selection",
 "omega-isa-aarch64",
 "omega-isa-x86_64",
 "omega-machine-bytes",
 "omega-object-file",
 "omega-target",
 "omega-target-operations",
 "psi-arena",
 "psi-diagnostics",
 "psi-language-semantics",
 "psi-layout-plans",
 "psi-symbols",
]

[[package]]
name = "omega-runtime-abi"
version = "0.1.0"
dependencies = [
 "omega-target",
]

[[package]]
name = "omega-runtime-bodies"
version = "0.1.0"
dependencies = [
 "omega-control-flow",
 "omega-core",
 "omega-platform-interface",
 "omega-state-calls",
 "omega-state-dispatch",
 "omega-state-graph",
 "omega-state-storage",
 "psi-arena",
 "psi-checked-trees",
 "psi-language-core",
 "psi-symbols",
]

[[package]]
name = "omega-runtime-branching"
version = "0.1.0"
dependencies = [
 "omega-control-flow",
 "omega-platform-interface",
 "omega-runtime-bodies",
 "omega-state-calls",
 "omega-state-dispatch",
 "omega-state-graph",
 "omega-state-guards",
 "omega-state-storage",
 "psi-arena",
 "psi-checked-trees",
 "psi-source",
 "psi-symbols",
]

[[package]]
name = "omega-runtime-dispatch-loop"
version = "0.1.0"
dependencies = [
 "omega-control-flow",
 "omega-core",
 "omega-runtime-bodies",
 "omega-state-dispatch",
 "omega-state-graph",
 "omega-state-guards",
 "psi-arena",
 "psi-checked-trees",
]

[[package]]
name = "omega-runtime-storage"
version = "0.1.0"
dependencies = [
 "omega-control-flow",
 "omega-core",
 "omega-layout",
 "omega-runtime-abi",
 "omega-runtime-bodies",
 "omega-state-calls",
 "omega-state-storage",
 "omega-target",
 "psi-arena",
 "psi-checked-trees",
 "psi-language-core",
 "psi-language-semantics",
 "psi-numerics",
 "psi-symbols",
]

[[package]]
name = "omega-runtime-text"
version = "0.1.0"
dependencies = [
 "omega-calling-conventions",
 "omega-control-flow",
 "omega-platform-interface",
 "omega-state-storage",
 "psi-arena",
 "psi-checked-trees",
]

[[package]]
name = "omega-state-calls"
version = "0.1.0"
dependencies = [
 "omega-calling-conventions",
 "omega-checked-trees-to-state-graph",
 "omega-control-flow",
 "omega-core",
 "omega-platform-interface",
 "omega-state-graph",
 "omega-state-graph-to-control-flow",
 "omega-target",
 "psi-arena",
 "psi-checked-trees",
 "psi-source-files-to-tokens",
 "psi-symbol-resolved-trees-to-typed-trees",
 "psi-symbols",
 "psi-syntax-trees-to-symbol-resolved-trees",
 "psi-tokens-to-syntax-trees",
 "psi-typed-trees-to-checked-trees",
 "psi-validation",
]

[[package]]
name = "omega-state-dispatch"
version = "0.1.0"
dependencies = [
 "omega-control-flow",
 "omega-core",
 "omega-state-graph",
 "psi-arena",
 "psi-checked-trees",
]

[[package]]
name = "omega-state-graph"
version = "0.1.0"
dependencies = [
 "omega-control-flow",
 "psi-arena",
 "psi-checked-trees",
 "psi-diagnostics",
 "psi-facts",
 "psi-language-semantics",
 "psi-numerics",
 "psi-symbols",
 "psi-typed-trees",
]

[[package]]
name = "omega-state-graph-to-control-flow"
version = "0.1.0"
dependencies = [
 "omega-control-flow",
 "omega-state-graph",
 "psi-arena",
 "psi-checked-trees",
 "psi-diagnostics",
 "psi-language-semantics",
 "psi-numerics",
 "psi-symbols",
]

[[package]]
name = "omega-state-guards"
version = "0.1.0"
dependencies = [
 "omega-control-flow",
 "omega-layout",
 "omega-runtime-storage",
 "omega-state-dispatch",
 "omega-state-graph",
 "omega-state-values",
 "omega-target-operations",
 "psi-arena",
 "psi-checked-trees",
 "psi-numerics",
 "psi-symbols",
 "psi-typed-trees",
]

[[package]]
name = "omega-state-schedule"
version = "0.1.0"
dependencies = [
 "omega-control-flow",
 "omega-platform-interface",
 "omega-state-calls",
 "psi-arena",
 "psi-checked-trees",
 "psi-symbols",
]

[[package]]
name = "omega-state-storage"
version = "0.1.0"
dependencies = [
 "omega-control-flow",
 "omega-core",
 "omega-state-calls",
 "omega-state-graph",
 "omega-state-values",
 "psi-arena",
 "psi-checked-trees",
 "psi-numerics",
 "psi-symbols",
]

[[package]]
name = "omega-state-values"
version = "0.1.0"
dependencies = [
 "omega-control-flow",
 "omega-core",
 "omega-state-calls",
 "omega-state-graph",
 "psi-arena",
 "psi-checked-trees",
 "psi-language-core",
 "psi-numerics",
 "psi-symbols",
 "psi-typed-trees",
]

[[package]]
name = "omega-target"
version = "0.1.0"
dependencies = [
 "psi-diagnostics",
]

[[package]]
name = "omega-target-operations"
version = "0.1.0"
dependencies = [
 "omega-abstract-operations",
 "omega-calling-conventions",
 "omega-control-flow",
 "omega-core",
 "omega-target",
 "psi-arena",
 "psi-language-core",
 "psi-language-semantics",
 "psi-numerics",
]

[[package]]
name = "omega-target-operations-to-assigned-target-operations"
version = "0.1.0"
dependencies = [
 "omega-abstract-operations",
 "omega-assigned-target-operations",
 "omega-control-flow",
 "omega-target",
 "omega-target-operations",
 "psi-language-semantics",
 "psi-symbols",
]

[[package]]
name = "omega-target-operations-to-machine-program"
version = "0.1.0"
dependencies = [
 "omega-abstract-operations",
 "omega-assigned-target-operations-to-machine-instructions",
 "omega-machine-instructions",
 "omega-machine-program",
 "omega-target-operations",
 "omega-target-operations-to-assigned-target-operations",
 "psi-diagnostics",
 "psi-language-semantics",
 "psi-symbols",
]

[[package]]
name = "omega-task-plans"
version = "0.1.0"
dependencies = [
 "psi-symbols",
]

[[package]]
name = "omega-terminal-abstract-operations"
version = "0.1.0"
dependencies = [
 "psi-core",
 "psi-terminal",
]

[[package]]
name = "omega-terminal-abstract-operations-to-target-operations"
version = "0.1.0"
dependencies = [
 "omega-calling-conventions",
 "omega-target",
 "omega-terminal-abstract-operations",
 "omega-terminal-installation-evidence",
 "omega-terminal-target-operations",
 "psi-core",
 "psi-terminal",
]

[[package]]
name = "omega-terminal-assigned-target-operations"
version = "0.1.0"
dependencies = [
 "omega-calling-conventions",
 "omega-target",
 "omega-terminal-target-operations",
 "psi-core",
 "psi-terminal",
]

[[package]]
name = "omega-terminal-image-emission"
version = "0.1.0"
dependencies = [
 "iced-x86",
 "omega-calling-conventions",
 "omega-image",
 "omega-image-elf",
 "omega-image-macho",
 "omega-image-pe",
 "omega-object-file",
 "omega-target",
 "omega-terminal-installation-evidence",
 "omega-terminal-machine-code",
 "omega-terminal-target-operations",
 "omega-x86-encoding",
 "psi-core",
 "psi-diagnostics",
 "psi-terminal",
 "psi-terminal-fuel",
 "sha2",
]

[[package]]
name = "omega-terminal-installation-evidence"
version = "0.1.0"
dependencies = [
 "omega-calling-conventions",
 "omega-target",
 "psi-core",
 "psi-terminal",
]

[[package]]
name = "omega-terminal-machine-code"
version = "0.1.0"
dependencies = [
 "omega-calling-conventions",
 "omega-target",
 "omega-terminal-target-operations",
 "psi-core",
 "psi-terminal",
]

[[package]]
name = "omega-terminal-machine-emission"
version = "0.1.0"
dependencies = [
 "iced-x86",
 "omega-calling-conventions",
 "omega-target",
 "omega-terminal-assigned-target-operations",
 "omega-terminal-machine-code",
 "omega-terminal-target-operations",
 "omega-terminal-target-operations-to-assigned-target-operations",
 "omega-x86-encoding",
 "psi-core",
 "psi-terminal",
 "psi-terminal-fuel",
]

[[package]]
name = "omega-terminal-psi-to-abstract-operations"
version = "0.1.0"
dependencies = [
 "omega-terminal-abstract-operations",
 "psi-core",
 "psi-proof-kernel",
 "psi-terminal",
 "psi-terminal-codec",
 "psi-terminal-fuel",
 "psi-terminal-interpreter",
 "psi-terminal-verifier",
]

[[package]]
name = "omega-terminal-target-operations"
version = "0.1.0"
dependencies = [
 "omega-calling-conventions",
 "omega-target",
 "omega-terminal-abstract-operations",
 "psi-core",
 "psi-terminal",
]

[[package]]
name = "omega-terminal-target-operations-to-assigned-target-operations"
version = "0.1.0"
dependencies = [
 "omega-calling-conventions",
 "omega-target",
 "omega-terminal-assigned-target-operations",
 "omega-terminal-target-operations",
 "psi-core",
 "psi-terminal",
]

[[package]]
name = "omega-visualizations"
version = "0.1.0"
dependencies = [
 "omega-abstract-operations",
 "omega-assigned-target-operations",
 "omega-calling-conventions",
 "omega-control-flow",
 "omega-effects",
 "omega-machine-bytes",
 "omega-machine-instructions",
 "omega-object-file",
 "omega-state-graph",
 "omega-target-operations",
 "omega-task-plans",
 "psi-arena",
 "psi-checked-trees",
 "psi-effects",
 "psi-facts",
 "psi-language-semantics",
 "psi-numerics",
 "psi-symbol-resolved-trees",
 "psi-symbols",
 "psi-syntax-trees",
 "psi-typed-trees",
]

[[package]]
name = "omega-x86-encoding"
version = "0.1.0"

[[package]]
name = "proc-macro2"
version = "1.0.106"
source = "registry+https://github.com/rust-lang/crates.io-index"
checksum = "8fd00f0bb2e90d81d1044c2b32617f68fcb9fa3bb7640c23e9c748e53fb30934"
dependencies = [
 "unicode-ident",
]

[[package]]
name = "psi-access-plans"
version = "0.1.0"
dependencies = [
 "psi-extents",
 "psi-language-core",
 "psi-layout-plans",
]

[[package]]
name = "psi-arena"
version = "0.1.0"
dependencies = [
 "arc-swap",
]

[[package]]
name = "psi-build-time-evaluation"
version = "0.1.0"
dependencies = [
 "psi-access-plans",
 "psi-arena",
 "psi-checked-interpreter",
 "psi-diagnostics",
 "psi-effects",
 "psi-generic-instances",
 "psi-language-core",
 "psi-language-semantics",
 "psi-layout-plans",
 "psi-numerics",
 "psi-source-files-to-tokens",
 "psi-symbol-resolved-trees-to-typed-trees",
 "psi-symbols",
 "psi-syntax-trees",
 "psi-syntax-trees-to-symbol-resolved-trees",
 "psi-tokens-to-syntax-trees",
 "psi-typed-trees",
 "psi-typed-trees-to-checked-trees",
]

[[package]]
name = "psi-checked-interpreter"
version = "0.1.0"
dependencies = [
 "psi-arena",
 "psi-checked-trees",
 "psi-language-core",
 "psi-language-semantics",
 "psi-layout-plans",
 "psi-numerics",
 "psi-source-files-to-tokens",
 "psi-symbol-resolved-trees-to-typed-trees",
 "psi-symbols",
 "psi-syntax-trees-to-symbol-resolved-trees",
 "psi-tokens-to-syntax-trees",
 "psi-typed-trees",
 "psi-typed-trees-to-checked-trees",
]

[[package]]
name = "psi-checked-trees"
version = "0.1.0"
dependencies = [
 "psi-arena",
 "psi-effects",
 "psi-facts",
 "psi-language-core",
 "psi-language-semantics",
 "psi-numerics",
 "psi-source",
 "psi-symbols",
 "psi-typed-trees",
]

[[package]]
name = "psi-checked-trees-to-terminal"
version = "0.1.0"
dependencies = [
 "psi-checked-trees",
 "psi-core",
 "psi-language-semantics",
 "psi-numerics",
 "psi-proof-kernel",
 "psi-source",
 "psi-source-files-to-tokens",
 "psi-symbol-resolved-trees-to-typed-trees",
 "psi-symbols",
 "psi-syntax-trees-to-symbol-resolved-trees",
 "psi-terminal",
 "psi-terminal-codec",
 "psi-terminal-fixed-fuel",
 "psi-terminal-fuel",
 "psi-terminal-interpreter",
 "psi-terminal-verifier",
 "psi-tokens-to-syntax-trees",
 "psi-typed-trees-to-checked-trees",
]

[[package]]
name = "psi-core"
version = "0.1.0"

[[package]]
name = "psi-diagnostics"
version = "0.1.0"
dependencies = [
 "psi-source",
]

[[package]]
name = "psi-effects"
version = "0.1.0"
dependencies = [
 "psi-arena",
 "psi-language-semantics",
 "psi-symbols",
 "psi-typed-trees",
]

[[package]]
name = "psi-extents"
version = "0.1.0"

[[package]]
name = "psi-facts"
version = "0.1.0"
dependencies = [
 "psi-arena",
 "psi-language-semantics",
 "psi-numerics",
 "psi-symbols",
 "psi-typed-trees",
]

[[package]]
name = "psi-generic-instances"
version = "0.1.0"
dependencies = [
 "omega-checked-trees-to-state-graph",
 "omega-layout",
 "omega-target",
 "psi-arena",
 "psi-checked-trees",
 "psi-diagnostics",
 "psi-language-semantics",
 "psi-numerics",
 "psi-source-files-to-tokens",
 "psi-symbol-resolved-trees-to-typed-trees",
 "psi-syntax-trees",
 "psi-syntax-trees-to-symbol-resolved-trees",
 "psi-tokens-to-syntax-trees",
 "psi-typed-trees-to-checked-trees",
]

[[package]]
name = "psi-language-core"
version = "0.1.0"

[[package]]
name = "psi-language-semantics"
version = "0.1.0"
dependencies = [
 "psi-language-core",
 "psi-numerics",
 "psi-symbols",
]

[[package]]
name = "psi-layout-plans"
version = "0.1.0"

[[package]]
name = "psi-numerics"
version = "0.1.0"

[[package]]
name = "psi-proof"
version = "0.1.0"
dependencies = [
 "psi-arena",
 "psi-diagnostics",
 "psi-language-semantics",
 "psi-numerics",
 "psi-symbols",
 "psi-syntax-trees",
 "psi-typed-trees",
 "psi-validation",
]

[[package]]
name = "psi-proof-kernel"
version = "0.1.0"
dependencies = [
 "psi-core",
]

[[package]]
name = "psi-source"
version = "0.1.0"

[[package]]
name = "psi-source-files-to-tokens"
version = "0.1.0"
dependencies = [
 "psi-source",
 "psi-tokens",
 "unicode-ident",
]

[[package]]
name = "psi-source-loader"
version = "0.1.0"
dependencies = [
 "psi-diagnostics",
 "psi-source",
]

[[package]]
name = "psi-symbol-resolved-trees"
version = "0.1.0"
dependencies = [
 "psi-arena",
 "psi-diagnostics",
 "psi-language-core",
 "psi-language-semantics",
 "psi-numerics",
 "psi-source",
 "psi-symbols",
 "serde",
 "serde_json",
]

[[package]]
name = "psi-symbol-resolved-trees-to-typed-trees"
version = "0.1.0"
dependencies = [
 "psi-arena",
 "psi-diagnostics",
 "psi-language-core",
 "psi-language-semantics",
 "psi-numerics",
 "psi-source-files-to-tokens",
 "psi-symbol-resolved-trees",
 "psi-symbols",
 "psi-syntax-trees-to-symbol-resolved-trees",
 "psi-tokens-to-syntax-trees",
 "psi-typed-trees",
]

[[package]]
name = "psi-symbols"
version = "0.1.0"
dependencies = [
 "psi-arena",
 "psi-source",
]

[[package]]
name = "psi-syntax-trees"
version = "0.1.0"
dependencies = [
 "psi-arena",
 "psi-diagnostics",
 "psi-language-core",
 "psi-numerics",
 "psi-source",
 "serde",
 "serde_json",
]

[[package]]
name = "psi-syntax-trees-to-symbol-resolved-trees"
version = "0.1.0"
dependencies = [
 "psi-arena",
 "psi-diagnostics",
 "psi-language-semantics",
 "psi-numerics",
 "psi-source",
 "psi-source-files-to-tokens",
 "psi-symbol-resolved-trees",
 "psi-symbols",
 "psi-syntax-trees",
 "psi-tokens-to-syntax-trees",
]

[[package]]
name = "psi-terminal"
version = "0.1.0"
dependencies = [
 "psi-core",
 "psi-language-core",
]

[[package]]
name = "psi-terminal-codec"
version = "0.1.0"
dependencies = [
 "psi-core",
 "psi-proof-kernel",
 "psi-terminal",
 "psi-terminal-semantics",
 "psi-terminal-verifier",
 "sha2",
]

[[package]]
name = "psi-terminal-fixed-fuel"
version = "0.1.0"
dependencies = [
 "psi-core",
 "psi-proof-kernel",
 "psi-terminal",
 "psi-terminal-codec",
 "psi-terminal-fuel",
 "psi-terminal-verifier",
]

[[package]]
name = "psi-terminal-fuel"
version = "0.1.0"
dependencies = [
 "psi-core",
 "psi-terminal",
]

[[package]]
name = "psi-terminal-interpreter"
version = "0.1.0"
dependencies = [
 "psi-core",
 "psi-proof-kernel",
 "psi-terminal",
 "psi-terminal-codec",
 "psi-terminal-fuel",
 "psi-terminal-verifier",
]

[[package]]
name = "psi-terminal-semantics"
version = "0.1.0"
dependencies = [
 "psi-core",
 "psi-numerics",
 "psi-terminal",
]

[[package]]
name = "psi-terminal-verifier"
version = "0.1.0"
dependencies = [
 "psi-core",
 "psi-language-semantics",
 "psi-numerics",
 "psi-proof-kernel",
 "psi-terminal",
 "psi-terminal-semantics",
]

[[package]]
name = "psi-tokens"
version = "0.1.0"
dependencies = [
 "psi-source",
]

[[package]]
name = "psi-tokens-to-syntax-trees"
version = "0.1.0"
dependencies = [
 "psi-arena",
 "psi-language-core",
 "psi-numerics",
 "psi-source",
 "psi-source-files-to-tokens",
 "psi-syntax-trees",
 "psi-tokens",
]

[[package]]
name = "psi-typed-trees"
version = "0.1.0"
dependencies = [
 "psi-access-plans",
 "psi-arena",
 "psi-diagnostics",
 "psi-language-core",
 "psi-language-semantics",
 "psi-layout-plans",
 "psi-numerics",
 "psi-source",
 "psi-symbols",
 "serde",
 "serde_json",
]

[[package]]
name = "psi-typed-trees-to-checked-trees"
version = "0.1.0"
dependencies = [
 "psi-arena",
 "psi-checked-trees",
 "psi-diagnostics",
 "psi-effects",
 "psi-facts",
 "psi-language-core",
 "psi-language-semantics",
 "psi-numerics",
 "psi-proof",
 "psi-source",
 "psi-source-files-to-tokens",
 "psi-symbol-resolved-trees-to-typed-trees",
 "psi-symbols",
 "psi-syntax-trees-to-symbol-resolved-trees",
 "psi-tokens-to-syntax-trees",
 "psi-typed-trees",
 "psi-validation",
]

[[package]]
name = "psi-types"
version = "0.1.0"
dependencies = [
 "psi-arena",
 "psi-language-semantics",
 "psi-numerics",
 "psi-syntax-trees",
]

[[package]]
name = "psi-validation"
version = "0.1.0"
dependencies = [
 "psi-access-plans",
 "psi-arena",
 "psi-diagnostics",
 "psi-effects",
 "psi-facts",
 "psi-language-core",
 "psi-language-semantics",
 "psi-layout-plans",
 "psi-numerics",
 "psi-source",
 "psi-symbols",
 "psi-typed-trees",
]

[[package]]
name = "quote"
version = "1.0.45"
source = "registry+https://github.com/rust-lang/crates.io-index"
checksum = "41f2619966050689382d2b44f664f4bc593e129785a36d6ee376ddf37259b924"
dependencies = [
 "proc-macro2",
]

[[package]]
name = "rustversion"
version = "1.0.22"
source = "registry+https://github.com/rust-lang/crates.io-index"
checksum = "b39cdef0fa800fc44525c84ccb54a029961a8215f9619753635a9c0d2538d46d"

[[package]]
name = "serde"
version = "1.0.228"
source = "registry+https://github.com/rust-lang/crates.io-index"
checksum = "9a8e94ea7f378bd32cbbd37198a4a91436180c5bb472411e48b5ec2e2124ae9e"
dependencies = [
 "serde_core",
 "serde_derive",
]

[[package]]
name = "serde_core"
version = "1.0.228"
source = "registry+https://github.com/rust-lang/crates.io-index"
checksum = "41d385c7d4ca58e59fc732af25c3983b67ac852c1a25000afe1175de458b67ad"
dependencies = [
 "serde_derive",
]

[[package]]
name = "serde_derive"
version = "1.0.228"
source = "registry+https://github.com/rust-lang/crates.io-index"
checksum = "d540f220d3187173da220f885ab66608367b6574e925011a9353e4badda91d79"
dependencies = [
 "proc-macro2",
 "quote",
 "syn",
]

[[package]]
name = "serde_json"
version = "1.0.149"
source = "registry+https://github.com/rust-lang/crates.io-index"
checksum = "83fc039473c5595ace860d8c4fafa220ff474b3fc6bfdb4293327f1a37e94d86"
dependencies = [
 "itoa",
 "memchr",
 "serde",
 "serde_core",
 "zmij",
]

[[package]]
name = "sha2"
version = "0.10.9"
source = "registry+https://github.com/rust-lang/crates.io-index"
checksum = "a7507d819769d01a365ab707794a4084392c824f54a7a6a7862f8c3d0892b283"
dependencies = [
 "cfg-if",
 "cpufeatures",
 "digest",
]

[[package]]
name = "syn"
version = "2.0.117"
source = "registry+https://github.com/rust-lang/crates.io-index"
checksum = "e665b8803e7b1d2a727f4023456bbbbe74da67099c585258af0ad9c5013b9b99"
dependencies = [
 "proc-macro2",
 "quote",
 "unicode-ident",
]

[[package]]
name = "typenum"
version = "1.20.0"
source = "registry+https://github.com/rust-lang/crates.io-index"
checksum = "40ce102ab67701b8526c123c1bab5cbe42d7040ccfd0f64af1a385808d2f43de"

[[package]]
name = "unicode-ident"
version = "1.0.24"
source = "registry+https://github.com/rust-lang/crates.io-index"
checksum = "e6e4313cd5fcd3dad5cafa179702e2b244f760991f45397d14d4ebf38247da75"

[[package]]
name = "version_check"
version = "0.9.5"
source = "registry+https://github.com/rust-lang/crates.io-index"
checksum = "0b928f33d975fc6ad9f86c8f283853ad26bdd5b10b7f1542aa2fa15e2289105a"

[[package]]
name = "zmij"
version = "1.0.21"
source = "registry+https://github.com/rust-lang/crates.io-index"
checksum = "b8848ee67ecc8aedbaf3e4122217aff892639231befc6a1b58d29fff4c2cabaa"
