# This file is automatically @generated by Cargo.
# It is not intended for manual editing.
version = 4

[[package]]
name = "arc-swap"
version = "1.9.1"
source = "registry+https://github.com/rust-lang/crates.io-index"
checksum = "6a3a1fd6f75306b68087b831f025c712524bcb19aad54e557b1129cfa0a2b207"
dependencies = [
 "rustversion",
]

[[package]]
name = "block-buffer"
version = "0.10.4"
source = "registry+https://github.com/rust-lang/crates.io-index"
checksum = "3078c7629b62d3f0439517fa394996acacc5cbc91c5a20d8c658e77abd503a71"
dependencies = [
 "generic-array",
]

[[package]]
name = "cfg-if"
version = "1.0.4"
source = "registry+https://github.com/rust-lang/crates.io-index"
checksum = "9330f8b2ff13f34540b44e946ef35111825727b38d33286ef986142615121801"

[[package]]
name = "cpufeatures"
version = "0.2.17"
source = "registry+https://github.com/rust-lang/crates.io-index"
checksum = "59ed5838eebb26a2bb2e58f6d5b5316989ae9d08bab10e0e6d103e656d1b0280"
dependencies = [
 "libc",
]

[[package]]
name = "crypto-common"
version = "0.1.7"
source = "registry+https://github.com/rust-lang/crates.io-index"
checksum = "78c8292055d1c1df0cce5d180393dc8cce0abec0a7102adb6c7b1eef6016d60a"
dependencies = [
 "generic-array",
 "typenum",
]

[[package]]
name = "digest"
version = "0.10.7"
source = "registry+https://github.com/rust-lang/crates.io-index"
checksum = "9ed9a281f7bc9b7576e61468ba615a66a5c8cfdff42420a70aa82701a3b1e292"
dependencies = [
 "block-buffer",
 "crypto-common",
]

[[package]]
name = "generic-array"
version = "0.14.7"
source = "registry+https://github.com/rust-lang/crates.io-index"
checksum = "85649ca51fd72272d7821adaf274ad91c288277713d9c18820d8499a7ff69e9a"
dependencies = [
 "typenum",
 "version_check",
]

[[package]]
name = "libc"
version = "0.2.186"
source = "registry+https://github.com/rust-lang/crates.io-index"
checksum = "68ab91017fe16c622486840e4c83c9a37afeff978bd239b5293d61ece587de66"

[[package]]
name = "omega-abstract-syntax-to-typed"
version = "0.1.0"
dependencies = [
 "omega-abstract-syntax-tree",
 "omega-core",
 "omega-typed-program",
]

[[package]]
name = "omega-abstract-syntax-tree"
version = "0.1.0"
dependencies = [
 "omega-core",
]

[[package]]
name = "omega-artifacts"
version = "0.1.0"
dependencies = [
 "omega-core",
 "omega-image",
 "omega-target",
 "omega-typed-program",
]

[[package]]
name = "omega-calling-conventions"
version = "0.1.0"
dependencies = [
 "omega-core",
 "omega-target",
]

[[package]]
name = "omega-cli"
version = "0.1.0"
dependencies = [
 "omega-compiler",
 "omega-core",
]

[[package]]
name = "omega-compiler"
version = "0.1.0"
dependencies = [
 "omega-abstract-syntax-to-typed",
 "omega-abstract-syntax-tree",
 "omega-artifacts",
 "omega-calling-conventions",
 "omega-control-flow",
 "omega-core",
 "omega-effects",
 "omega-graph",
 "omega-image",
 "omega-image-emission",
 "omega-layout",
 "omega-lexer",
 "omega-machine-program",
 "omega-names",
 "omega-native",
 "omega-native-report",
 "omega-object",
 "omega-parser",
 "omega-platform-interface",
 "omega-proof",
 "omega-state-graph",
 "omega-target",
 "omega-target-program",
 "omega-typed-program",
 "omega-typed-to-control-flow",
 "omega-types",
 "omega-validation",
]

[[package]]
name = "omega-control-flow"
version = "0.1.0"
dependencies = [
 "omega-core",
 "omega-typed-program",
]

[[package]]
name = "omega-core"
version = "0.1.0"
dependencies = [
 "arc-swap",
]

[[package]]
name = "omega-data-planning"
version = "0.1.0"
dependencies = [
 "omega-calling-conventions",
 "omega-control-flow",
 "omega-platform-interface",
 "omega-state-storage",
 "omega-target-program",
 "omega-typed-program",
]

[[package]]
name = "omega-effects"
version = "0.1.0"
dependencies = [
 "omega-core",
 "omega-typed-program",
]

[[package]]
name = "omega-graph"
version = "0.1.0"
dependencies = [
 "omega-abstract-syntax-tree",
 "omega-core",
]

[[package]]
name = "omega-image"
version = "0.1.0"
dependencies = [
 "omega-core",
 "omega-object",
 "omega-target",
]

[[package]]
name = "omega-image-elf"
version = "0.1.0"
dependencies = [
 "omega-core",
 "omega-image",
]

[[package]]
name = "omega-image-emission"
version = "0.1.0"
dependencies = [
 "omega-core",
 "omega-image",
 "omega-image-elf",
 "omega-image-macho",
 "omega-object",
 "omega-target",
]

[[package]]
name = "omega-image-macho"
version = "0.1.0"
dependencies = [
 "omega-core",
 "omega-image",
 "sha2",
]

[[package]]
name = "omega-instruction-selection"
version = "0.1.0"
dependencies = [
 "omega-core",
 "omega-isa-aarch64",
 "omega-target",
 "omega-target-program",
]

[[package]]
name = "omega-isa-aarch64"
version = "0.1.0"
dependencies = [
 "omega-core",
]

[[package]]
name = "omega-layout"
version = "0.1.0"
dependencies = [
 "omega-core",
 "omega-target",
 "omega-typed-program",
]

[[package]]
name = "omega-lexer"
version = "0.1.0"
dependencies = [
 "omega-core",
]

[[package]]
name = "omega-machine-emission"
version = "0.1.0"
dependencies = [
 "omega-calling-conventions",
 "omega-control-flow",
 "omega-core",
 "omega-instruction-selection",
 "omega-machine-program",
 "omega-target",
 "omega-target-program",
]

[[package]]
name = "omega-machine-program"
version = "0.1.0"
dependencies = [
 "omega-core",
 "omega-target",
 "omega-target-program",
]

[[package]]
name = "omega-names"
version = "0.1.0"
dependencies = [
 "omega-abstract-syntax-tree",
 "omega-core",
]

[[package]]
name = "omega-native"
version = "0.1.0"
dependencies = [
 "omega-artifacts",
 "omega-calling-conventions",
 "omega-control-flow",
 "omega-core",
 "omega-data-planning",
 "omega-image",
 "omega-image-emission",
 "omega-instruction-selection",
 "omega-isa-aarch64",
 "omega-layout",
 "omega-machine-emission",
 "omega-machine-program",
 "omega-object",
 "omega-object-planning",
 "omega-platform-interface",
 "omega-relocations",
 "omega-state-calls",
 "omega-state-graph",
 "omega-state-storage",
 "omega-state-values",
 "omega-target",
 "omega-target-program",
 "omega-target-to-machine",
 "omega-typed-program",
]

[[package]]
name = "omega-native-report"
version = "0.1.0"
dependencies = [
 "omega-artifacts",
 "omega-calling-conventions",
 "omega-control-flow",
 "omega-core",
 "omega-layout",
 "omega-machine-program",
 "omega-native",
 "omega-object",
 "omega-platform-interface",
 "omega-state-graph",
 "omega-target-program",
 "omega-typed-program",
]

[[package]]
name = "omega-object"
version = "0.1.0"
dependencies = [
 "omega-core",
 "omega-target",
 "omega-target-program",
]

[[package]]
name = "omega-object-planning"
version = "0.1.0"
dependencies = [
 "omega-calling-conventions",
 "omega-core",
 "omega-layout",
 "omega-machine-program",
 "omega-object",
 "omega-target",
 "omega-target-program",
]

[[package]]
name = "omega-parser"
version = "0.1.0"
dependencies = [
 "omega-abstract-syntax-tree",
 "omega-core",
 "omega-lexer",
]

[[package]]
name = "omega-platform-interface"
version = "0.1.0"
dependencies = [
 "omega-calling-conventions",
 "omega-control-flow",
 "omega-core",
 "omega-target",
 "omega-typed-program",
]

[[package]]
name = "omega-proof"
version = "0.1.0"
dependencies = [
 "omega-abstract-syntax-tree",
 "omega-core",
 "omega-typed-program",
]

[[package]]
name = "omega-relocations"
version = "0.1.0"
dependencies = [
 "omega-calling-conventions",
 "omega-core",
 "omega-instruction-selection",
 "omega-machine-program",
 "omega-object",
 "omega-target",
 "omega-target-program",
]

[[package]]
name = "omega-state-calls"
version = "0.1.0"
dependencies = [
 "omega-control-flow",
 "omega-core",
 "omega-platform-interface",
 "omega-state-graph",
 "omega-typed-program",
]

[[package]]
name = "omega-state-graph"
version = "0.1.0"
dependencies = [
 "omega-control-flow",
 "omega-core",
 "omega-typed-program",
]

[[package]]
name = "omega-state-storage"
version = "0.1.0"
dependencies = [
 "omega-control-flow",
 "omega-core",
 "omega-state-calls",
 "omega-state-graph",
 "omega-typed-program",
]

[[package]]
name = "omega-state-values"
version = "0.1.0"
dependencies = [
 "omega-control-flow",
 "omega-core",
 "omega-state-calls",
 "omega-state-graph",
 "omega-typed-program",
]

[[package]]
name = "omega-target"
version = "0.1.0"
dependencies = [
 "omega-core",
]

[[package]]
name = "omega-target-program"
version = "0.1.0"
dependencies = [
 "omega-control-flow",
 "omega-core",
 "omega-target",
]

[[package]]
name = "omega-target-to-machine"
version = "0.1.0"
dependencies = [
 "omega-calling-conventions",
 "omega-control-flow",
 "omega-core",
 "omega-instruction-selection",
 "omega-machine-program",
 "omega-target",
 "omega-target-program",
]

[[package]]
name = "omega-typed-program"
version = "0.1.0"
dependencies = [
 "omega-core",
]

[[package]]
name = "omega-typed-to-control-flow"
version = "0.1.0"
dependencies = [
 "omega-control-flow",
 "omega-core",
 "omega-typed-program",
]

[[package]]
name = "omega-types"
version = "0.1.0"
dependencies = [
 "omega-abstract-syntax-tree",
 "omega-core",
]

[[package]]
name = "omega-validation"
version = "0.1.0"
dependencies = [
 "omega-core",
 "omega-typed-program",
]

[[package]]
name = "rustversion"
version = "1.0.22"
source = "registry+https://github.com/rust-lang/crates.io-index"
checksum = "b39cdef0fa800fc44525c84ccb54a029961a8215f9619753635a9c0d2538d46d"

[[package]]
name = "sha2"
version = "0.10.9"
source = "registry+https://github.com/rust-lang/crates.io-index"
checksum = "a7507d819769d01a365ab707794a4084392c824f54a7a6a7862f8c3d0892b283"
dependencies = [
 "cfg-if",
 "cpufeatures",
 "digest",
]

[[package]]
name = "typenum"
version = "1.20.0"
source = "registry+https://github.com/rust-lang/crates.io-index"
checksum = "40ce102ab67701b8526c123c1bab5cbe42d7040ccfd0f64af1a385808d2f43de"

[[package]]
name = "version_check"
version = "0.9.5"
source = "registry+https://github.com/rust-lang/crates.io-index"
checksum = "0b928f33d975fc6ad9f86c8f283853ad26bdd5b10b7f1542aa2fa15e2289105a"
